// !$*UTF8*$!
{
	archiveVersion = 1;
	classes = {
	};
	objectVersion = 46;
	objects = {

/* Begin PBXBuildFile section */
		0A92516629AD4066996DB6AE /* libPods.a in Frameworks */ = {isa = PBXBuildFile; fileRef = 4FB1EAAED15A44759D0ACCA0 /* libPods.a */; };
		8E6234B719C8A93D00BBCF11 /* AppDelegate.swift in Sources */ = {isa = PBXBuildFile; fileRef = 8E6234B619C8A93D00BBCF11 /* AppDelegate.swift */; };
		8E6234BC19C8A93D00BBCF11 /* Main.storyboard in Resources */ = {isa = PBXBuildFile; fileRef = 8E6234BA19C8A93D00BBCF11 /* Main.storyboard */; };
		8E6234BE19C8A93D00BBCF11 /* Images.xcassets in Resources */ = {isa = PBXBuildFile; fileRef = 8E6234BD19C8A93D00BBCF11 /* Images.xcassets */; };
		8E6234C119C8A93D00BBCF11 /* LaunchScreen.xib in Resources */ = {isa = PBXBuildFile; fileRef = 8E6234BF19C8A93D00BBCF11 /* LaunchScreen.xib */; };
		8E6234CD19C8A93D00BBCF11 /* Swift_HNTests.swift in Sources */ = {isa = PBXBuildFile; fileRef = 8E6234CC19C8A93D00BBCF11 /* Swift_HNTests.swift */; };
		8EEFB1D719C8B9970043BBB6 /* FeedViewController.swift in Sources */ = {isa = PBXBuildFile; fileRef = 8EEFB1D619C8B9970043BBB6 /* FeedViewController.swift */; };
		8EEFB1D919C8DDBC0043BBB6 /* BrowserViewController.swift in Sources */ = {isa = PBXBuildFile; fileRef = 8EEFB1D819C8DDBC0043BBB6 /* BrowserViewController.swift */; };
/* End PBXBuildFile section */

/* Begin PBXContainerItemProxy section */
		8E6234C719C8A93D00BBCF11 /* PBXContainerItemProxy */ = {
			isa = PBXContainerItemProxy;
			containerPortal = 8E6234A919C8A93D00BBCF11 /* Project object */;
			proxyType = 1;
			remoteGlobalIDString = 8E6234B019C8A93D00BBCF11;
			remoteInfo = "Swift HN";
		};
/* End PBXContainerItemProxy section */

/* Begin PBXFileReference section */
		4FB1EAAED15A44759D0ACCA0 /* libPods.a */ = {isa = PBXFileReference; explicitFileType = archive.ar; includeInIndex = 0; path = libPods.a; sourceTree = BUILT_PRODUCTS_DIR; };
		8E6234B119C8A93D00BBCF11 /* Swift HN.app */ = {isa = PBXFileReference; explicitFileType = wrapper.application; includeInIndex = 0; path = "Swift HN.app"; sourceTree = BUILT_PRODUCTS_DIR; };
		8E6234B519C8A93D00BBCF11 /* Info.plist */ = {isa = PBXFileReference; lastKnownFileType = text.plist.xml; path = Info.plist; sourceTree = "<group>"; };
		8E6234B619C8A93D00BBCF11 /* AppDelegate.swift */ = {isa = PBXFileReference; lastKnownFileType = sourcecode.swift; path = AppDelegate.swift; sourceTree = "<group>"; };
		8E6234BB19C8A93D00BBCF11 /* Base */ = {isa = PBXFileReference; lastKnownFileType = file.storyboard; name = Base; path = Base.lproj/Main.storyboard; sourceTree = "<group>"; };
		8E6234BD19C8A93D00BBCF11 /* Images.xcassets */ = {isa = PBXFileReference; lastKnownFileType = folder.assetcatalog; path = Images.xcassets; sourceTree = "<group>"; };
		8E6234C019C8A93D00BBCF11 /* Base */ = {isa = PBXFileReference; lastKnownFileType = file.xib; name = Base; path = Base.lproj/LaunchScreen.xib; sourceTree = "<group>"; };
		8E6234C619C8A93D00BBCF11 /* Swift HNTests.xctest */ = {isa = PBXFileReference; explicitFileType = wrapper.cfbundle; includeInIndex = 0; path = "Swift HNTests.xctest"; sourceTree = BUILT_PRODUCTS_DIR; };
		8E6234CB19C8A93D00BBCF11 /* Info.plist */ = {isa = PBXFileReference; lastKnownFileType = text.plist.xml; path = Info.plist; sourceTree = "<group>"; };
		8E6234CC19C8A93D00BBCF11 /* Swift_HNTests.swift */ = {isa = PBXFileReference; lastKnownFileType = sourcecode.swift; path = Swift_HNTests.swift; sourceTree = "<group>"; };
		8EEFB1D619C8B9970043BBB6 /* FeedViewController.swift */ = {isa = PBXFileReference; fileEncoding = 4; lastKnownFileType = sourcecode.swift; path = FeedViewController.swift; sourceTree = "<group>"; };
		8EEFB1D819C8DDBC0043BBB6 /* BrowserViewController.swift */ = {isa = PBXFileReference; fileEncoding = 4; lastKnownFileType = sourcecode.swift; path = BrowserViewController.swift; sourceTree = "<group>"; };
		C8EDE916D11A46189D97F217 /* Pods.xcconfig */ = {isa = PBXFileReference; includeInIndex = 1; lastKnownFileType = text.xcconfig; name = Pods.xcconfig; path = Pods/Pods.xcconfig; sourceTree = "<group>"; };
/* End PBXFileReference section */

/* Begin PBXFrameworksBuildPhase section */
		8E6234AE19C8A93D00BBCF11 /* Frameworks */ = {
			isa = PBXFrameworksBuildPhase;
			buildActionMask = 2147483647;
			files = (
				0A92516629AD4066996DB6AE /* libPods.a in Frameworks */,
			);
			runOnlyForDeploymentPostprocessing = 0;
		};
		8E6234C319C8A93D00BBCF11 /* Frameworks */ = {
			isa = PBXFrameworksBuildPhase;
			buildActionMask = 2147483647;
			files = (
			);
			runOnlyForDeploymentPostprocessing = 0;
		};
/* End PBXFrameworksBuildPhase section */

/* Begin PBXGroup section */
		2EDD158C1D36458B82F3EF3C /* Frameworks */ = {
			isa = PBXGroup;
			children = (
				4FB1EAAED15A44759D0ACCA0 /* libPods.a */,
			);
			name = Frameworks;
			sourceTree = "<group>";
		};
		8E6234A819C8A93D00BBCF11 = {
			isa = PBXGroup;
			children = (
				8E6234B319C8A93D00BBCF11 /* Swift HN */,
				8E6234C919C8A93D00BBCF11 /* Swift HNTests */,
				8E6234B219C8A93D00BBCF11 /* Products */,
				C8EDE916D11A46189D97F217 /* Pods.xcconfig */,
				2EDD158C1D36458B82F3EF3C /* Frameworks */,
			);
			sourceTree = "<group>";
		};
		8E6234B219C8A93D00BBCF11 /* Products */ = {
			isa = PBXGroup;
			children = (
				8E6234B119C8A93D00BBCF11 /* Swift HN.app */,
				8E6234C619C8A93D00BBCF11 /* Swift HNTests.xctest */,
			);
			name = Products;
			sourceTree = "<group>";
		};
		8E6234B319C8A93D00BBCF11 /* Swift HN */ = {
			isa = PBXGroup;
			children = (
				8E6234B619C8A93D00BBCF11 /* AppDelegate.swift */,
				8EEFB1D619C8B9970043BBB6 /* FeedViewController.swift */,
				8EEFB1D819C8DDBC0043BBB6 /* BrowserViewController.swift */,
				8E6234BA19C8A93D00BBCF11 /* Main.storyboard */,
				8E6234BD19C8A93D00BBCF11 /* Images.xcassets */,
				8E6234BF19C8A93D00BBCF11 /* LaunchScreen.xib */,
				8E6234B419C8A93D00BBCF11 /* Supporting Files */,
			);
			path = "Swift HN";
			sourceTree = "<group>";
		};
		8E6234B419C8A93D00BBCF11 /* Supporting Files */ = {
			isa = PBXGroup;
			children = (
				8E6234B519C8A93D00BBCF11 /* Info.plist */,
			);
			name = "Supporting Files";
			sourceTree = "<group>";
		};
		8E6234C919C8A93D00BBCF11 /* Swift HNTests */ = {
			isa = PBXGroup;
			children = (
				8E6234CC19C8A93D00BBCF11 /* Swift_HNTests.swift */,
				8E6234CA19C8A93D00BBCF11 /* Supporting Files */,
			);
			path = "Swift HNTests";
			sourceTree = "<group>";
		};
		8E6234CA19C8A93D00BBCF11 /* Supporting Files */ = {
			isa = PBXGroup;
			children = (
				8E6234CB19C8A93D00BBCF11 /* Info.plist */,
			);
			name = "Supporting Files";
			sourceTree = "<group>";
		};
/* End PBXGroup section */

/* Begin PBXNativeTarget section */
		8E6234B019C8A93D00BBCF11 /* Swift HN */ = {
			isa = PBXNativeTarget;
			buildConfigurationList = 8E6234D019C8A93D00BBCF11 /* Build configuration list for PBXNativeTarget "Swift HN" */;
			buildPhases = (
				69C1F314391747178D9E4E79 /* Check Pods Manifest.lock */,
				8E6234AD19C8A93D00BBCF11 /* Sources */,
				8E6234AE19C8A93D00BBCF11 /* Frameworks */,
				8E6234AF19C8A93D00BBCF11 /* Resources */,
				A3648EAC4D2E4D22A1951112 /* Copy Pods Resources */,
			);
			buildRules = (
			);
			dependencies = (
			);
			name = "Swift HN";
			productName = "Swift HN";
			productReference = 8E6234B119C8A93D00BBCF11 /* Swift HN.app */;
			productType = "com.apple.product-type.application";
		};
		8E6234C519C8A93D00BBCF11 /* Swift HNTests */ = {
			isa = PBXNativeTarget;
			buildConfigurationList = 8E6234D319C8A93D00BBCF11 /* Build configuration list for PBXNativeTarget "Swift HNTests" */;
			buildPhases = (
				8E6234C219C8A93D00BBCF11 /* Sources */,
				8E6234C319C8A93D00BBCF11 /* Frameworks */,
				8E6234C419C8A93D00BBCF11 /* Resources */,
			);
			buildRules = (
			);
			dependencies = (
				8E6234C819C8A93D00BBCF11 /* PBXTargetDependency */,
			);
			name = "Swift HNTests";
			productName = "Swift HNTests";
			productReference = 8E6234C619C8A93D00BBCF11 /* Swift HNTests.xctest */;
			productType = "com.apple.product-type.bundle.unit-test";
		};
/* End PBXNativeTarget section */

/* Begin PBXProject section */
		8E6234A919C8A93D00BBCF11 /* Project object */ = {
			isa = PBXProject;
			attributes = {
				LastUpgradeCheck = 0600;
				ORGANIZATIONNAME = "Daniel Rakhamimov";
				TargetAttributes = {
					8E6234B019C8A93D00BBCF11 = {
						CreatedOnToolsVersion = 6.0;
						DevelopmentTeam = EG5CG224Q3;
					};
					8E6234C519C8A93D00BBCF11 = {
						CreatedOnToolsVersion = 6.0;
						TestTargetID = 8E6234B019C8A93D00BBCF11;
					};
				};
			};
			buildConfigurationList = 8E6234AC19C8A93D00BBCF11 /* Build configuration list for PBXProject "Swift HN" */;
			compatibilityVersion = "Xcode 3.2";
			developmentRegion = English;
			hasScannedForEncodings = 0;
			knownRegions = (
				en,
				Base,
			);
			mainGroup = 8E6234A819C8A93D00BBCF11;
			productRefGroup = 8E6234B219C8A93D00BBCF11 /* Products */;
			projectDirPath = "";
			projectRoot = "";
			targets = (
				8E6234B019C8A93D00BBCF11 /* Swift HN */,
				8E6234C519C8A93D00BBCF11 /* Swift HNTests */,
			);
		};
/* End PBXProject section */

/* Begin PBXResourcesBuildPhase section */
		8E6234AF19C8A93D00BBCF11 /* Resources */ = {
			isa = PBXResourcesBuildPhase;
			buildActionMask = 2147483647;
			files = (
				8E6234BC19C8A93D00BBCF11 /* Main.storyboard in Resources */,
				8E6234C119C8A93D00BBCF11 /* LaunchScreen.xib in Resources */,
				8E6234BE19C8A93D00BBCF11 /* Images.xcassets in Resources */,
			);
			runOnlyForDeploymentPostprocessing = 0;
		};
		8E6234C419C8A93D00BBCF11 /* Resources */ = {
			isa = PBXResourcesBuildPhase;
			buildActionMask = 2147483647;
			files = (
			);
			runOnlyForDeploymentPostprocessing = 0;
		};
/* End PBXResourcesBuildPhase section */

/* Begin PBXShellScriptBuildPhase section */
		69C1F314391747178D9E4E79 /* Check Pods Manifest.lock */ = {
			isa = PBXShellScriptBuildPhase;
			buildActionMask = 2147483647;
			files = (
			);
			inputPaths = (
			);
			name = "Check Pods Manifest.lock";
			outputPaths = (
			);
			runOnlyForDeploymentPostprocessing = 0;
			shellPath = /bin/sh;
			shellScript = "diff \"${PODS_ROOT}/../Podfile.lock\" \"${PODS_ROOT}/Manifest.lock\" > /dev/null\nif [[ $? != 0 ]] ; then\n    cat << EOM\nerror: The sandbox is not in sync with the Podfile.lock. Run 'pod install' or update your CocoaPods installation.\nEOM\n    exit 1\nfi\n";
			showEnvVarsInLog = 0;
		};
		A3648EAC4D2E4D22A1951112 /* Copy Pods Resources */ = {
			isa = PBXShellScriptBuildPhase;
			buildActionMask = 2147483647;
			files = (
			);
			inputPaths = (
			);
			name = "Copy Pods Resources";
			outputPaths = (
			);
			runOnlyForDeploymentPostprocessing = 0;
			shellPath = /bin/sh;
			shellScript = "\"${SRCROOT}/Pods/Pods-resources.sh\"\n";
			showEnvVarsInLog = 0;
		};
/* End PBXShellScriptBuildPhase section */

/* Begin PBXSourcesBuildPhase section */
		8E6234AD19C8A93D00BBCF11 /* Sources */ = {
			isa = PBXSourcesBuildPhase;
			buildActionMask = 2147483647;
			files = (
				8EEFB1D719C8B9970043BBB6 /* FeedViewController.swift in Sources */,
				8EEFB1D919C8DDBC0043BBB6 /* BrowserViewController.swift in Sources */,
				8E6234B719C8A93D00BBCF11 /* AppDelegate.swift in Sources */,
			);
			runOnlyForDeploymentPostprocessing = 0;
		};
		8E6234C219C8A93D00BBCF11 /* Sources */ = {
			isa = PBXSourcesBuildPhase;
			buildActionMask = 2147483647;
			files = (
				8E6234CD19C8A93D00BBCF11 /* Swift_HNTests.swift in Sources */,
			);
			runOnlyForDeploymentPostprocessing = 0;
		};
/* End PBXSourcesBuildPhase section */

/* Begin PBXTargetDependency section */
		8E6234C819C8A93D00BBCF11 /* PBXTargetDependency */ = {
			isa = PBXTargetDependency;
			target = 8E6234B019C8A93D00BBCF11 /* Swift HN */;
			targetProxy = 8E6234C719C8A93D00BBCF11 /* PBXContainerItemProxy */;
		};
/* End PBXTargetDependency section */

/* Begin PBXVariantGroup section */
		8E6234BA19C8A93D00BBCF11 /* Main.storyboard */ = {
			isa = PBXVariantGroup;
			children = (
				8E6234BB19C8A93D00BBCF11 /* Base */,
			);
			name = Main.storyboard;
			sourceTree = "<group>";
		};
		8E6234BF19C8A93D00BBCF11 /* LaunchScreen.xib */ = {
			isa = PBXVariantGroup;
			children = (
				8E6234C019C8A93D00BBCF11 /* Base */,
			);
			name = LaunchScreen.xib;
			sourceTree = "<group>";
		};
/* End PBXVariantGroup section */

/* Begin XCBuildConfiguration section */
		8E6234CE19C8A93D00BBCF11 /* Debug */ = {
			isa = XCBuildConfiguration;
			buildSettings = {
				ALWAYS_SEARCH_USER_PATHS = NO;
				CLANG_CXX_LANGUAGE_STANDARD = "gnu++0x";
				CLANG_CXX_LIBRARY = "libc++";
				CLANG_ENABLE_MODULES = YES;
				CLANG_ENABLE_OBJC_ARC = YES;
				CLANG_WARN_BOOL_CONVERSION = YES;
				CLANG_WARN_CONSTANT_CONVERSION = YES;
				CLANG_WARN_DIRECT_OBJC_ISA_USAGE = YES_ERROR;
				CLANG_WARN_EMPTY_BODY = YES;
				CLANG_WARN_ENUM_CONVERSION = YES;
				CLANG_WARN_INT_CONVERSION = YES;
				CLANG_WARN_OBJC_ROOT_CLASS = YES_ERROR;
				CLANG_WARN_UNREACHABLE_CODE = YES;
				CLANG_WARN__DUPLICATE_METHOD_MATCH = YES;
				"CODE_SIGN_IDENTITY[sdk=iphoneos*]" = "iPhone Developer";
				COPY_PHASE_STRIP = NO;
				ENABLE_STRICT_OBJC_MSGSEND = YES;
				GCC_C_LANGUAGE_STANDARD = gnu99;
				GCC_DYNAMIC_NO_PIC = NO;
				GCC_OPTIMIZATION_LEVEL = 0;
				GCC_PREPROCESSOR_DEFINITIONS = (
					"DEBUG=1",
					"$(inherited)",
				);
				GCC_SYMBOLS_PRIVATE_EXTERN = NO;
				GCC_WARN_64_TO_32_BIT_CONVERSION = YES;
				GCC_WARN_ABOUT_RETURN_TYPE = YES_ERROR;
				GCC_WARN_UNDECLARED_SELECTOR = YES;
				GCC_WARN_UNINITIALIZED_AUTOS = YES_AGGRESSIVE;
				GCC_WARN_UNUSED_FUNCTION = YES;
				GCC_WARN_UNUSED_VARIABLE = YES;
				IPHONEOS_DEPLOYMENT_TARGET = 8.0;
				MTL_ENABLE_DEBUG_INFO = YES;
				ONLY_ACTIVE_ARCH = YES;
				SDKROOT = iphoneos;
				SWIFT_OPTIMIZATION_LEVEL = "-Onone";
			};
			name = Debug;
		};
		8E6234CF19C8A93D00BBCF11 /* Release */ = {
			isa = XCBuildConfiguration;
			buildSettings = {
				ALWAYS_SEARCH_USER_PATHS = NO;
				CLANG_CXX_LANGUAGE_STANDARD = "gnu++0x";
				CLANG_CXX_LIBRARY = "libc++";
				CLANG_ENABLE_MODULES = YES;
				CLANG_ENABLE_OBJC_ARC = YES;
				CLANG_WARN_BOOL_CONVERSION = YES;
				CLANG_WARN_CONSTANT_CONVERSION = YES;
				CLANG_WARN_DIRECT_OBJC_ISA_USAGE = YES_ERROR;
				CLANG_WARN_EMPTY_BODY = YES;
				CLANG_WARN_ENUM_CONVERSION = YES;
				CLANG_WARN_INT_CONVERSION = YES;
				CLANG_WARN_OBJC_ROOT_CLASS = YES_ERROR;
				CLANG_WARN_UNREACHABLE_CODE = YES;
				CLANG_WARN__DUPLICATE_METHOD_MATCH = YES;
				"CODE_SIGN_IDENTITY[sdk=iphoneos*]" = "iPhone Developer";
				COPY_PHASE_STRIP = YES;
				ENABLE_NS_ASSERTIONS = NO;
				ENABLE_STRICT_OBJC_MSGSEND = YES;
				GCC_C_LANGUAGE_STANDARD = gnu99;
				GCC_WARN_64_TO_32_BIT_CONVERSION = YES;
				GCC_WARN_ABOUT_RETURN_TYPE = YES_ERROR;
				GCC_WARN_UNDECLARED_SELECTOR = YES;
				GCC_WARN_UNINITIALIZED_AUTOS = YES_AGGRESSIVE;
				GCC_WARN_UNUSED_FUNCTION = YES;
				GCC_WARN_UNUSED_VARIABLE = YES;
				IPHONEOS_DEPLOYMENT_TARGET = 8.0;
				MTL_ENABLE_DEBUG_INFO = NO;
				SDKROOT = iphoneos;
				VALIDATE_PRODUCT = YES;
			};
			name = Release;
		};
		8E6234D119C8A93D00BBCF11 /* Debug */ = {
			isa = XCBuildConfiguration;
			baseConfigurationReference = C8EDE916D11A46189D97F217 /* Pods.xcconfig */;
			buildSettings = {
				ASSETCATALOG_COMPILER_APPICON_NAME = AppIcon;
				CODE_SIGN_IDENTITY = "iPhone Developer";
				INFOPLIST_FILE = "Swift HN/Info.plist";
				LD_RUNPATH_SEARCH_PATHS = "$(inherited) @executable_path/Frameworks";
				PRODUCT_NAME = "$(TARGET_NAME)";
			};
			name = Debug;
		};
		8E6234D219C8A93D00BBCF11 /* Release */ = {
			isa = XCBuildConfiguration;
			baseConfigurationReference = C8EDE916D11A46189D97F217 /* Pods.xcconfig */;
			buildSettings = {
				ASSETCATALOG_COMPILER_APPICON_NAME = AppIcon;
				CODE_SIGN_IDENTITY = "iPhone Developer";
				INFOPLIST_FILE = "Swift HN/Info.plist";
				LD_RUNPATH_SEARCH_PATHS = "$(inherited) @executable_path/Frameworks";
				PRODUCT_NAME = "$(TARGET_NAME)";
			};
			name = Release;
		};
		8E6234D419C8A93D00BBCF11 /* Debug */ = {
			isa = XCBuildConfiguration;
			buildSettings = {
				BUNDLE_LOADER = "$(TEST_HOST)";
				FRAMEWORK_SEARCH_PATHS = (
					"$(SDKROOT)/Developer/Library/Frameworks",
					"$(inherited)",
				);
				GCC_PREPROCESSOR_DEFINITIONS = (
					"DEBUG=1",
					"$(inherited)",
				);
				INFOPLIST_FILE = "Swift HNTests/Info.plist";
				LD_RUNPATH_SEARCH_PATHS = "$(inherited) @executable_path/Frameworks @loader_path/Frameworks";
				PRODUCT_NAME = "$(TARGET_NAME)";
				TEST_HOST = "$(BUILT_PRODUCTS_DIR)/Swift HN.app/Swift HN";
			};
			name = Debug;
		};
		8E6234D519C8A93D00BBCF11 /* Release */ = {
			isa = XCBuildConfiguration;
			buildSettings = {
				BUNDLE_LOADER = "$(TEST_HOST)";
				FRAMEWORK_SEARCH_PATHS = (
					"$(SDKROOT)/Developer/Library/Frameworks",
					"$(inherited)",
				);
				INFOPLIST_FILE = "Swift HNTests/Info.plist";
				LD_RUNPATH_SEARCH_PATHS = "$(inherited) @executable_path/Frameworks @loader_path/Frameworks";
				PRODUCT_NAME = "$(TARGET_NAME)";
				TEST_HOST = "$(BUILT_PRODUCTS_DIR)/Swift HN.app/Swift HN";
			};
			name = Release;
		};
/* End XCBuildConfiguration section */

/* Begin XCConfigurationList section */
		8E6234AC19C8A93D00BBCF11 /* Build configuration list for PBXProject "Swift HN" */ = {
			isa = XCConfigurationList;
			buildConfigurations = (
				8E6234CE19C8A93D00BBCF11 /* Debug */,
				8E6234CF19C8A93D00BBCF11 /* Release */,
			);
			defaultConfigurationIsVisible = 0;
			defaultConfigurationName = Release;
		};
		8E6234D019C8A93D00BBCF11 /* Build configuration list for PBXNativeTarget "Swift HN" */ = {
			isa = XCConfigurationList;
			buildConfigurations = (
				8E6234D119C8A93D00BBCF11 /* Debug */,
				8E6234D219C8A93D00BBCF11 /* Release */,
			);
			defaultConfigurationIsVisible = 0;
			defaultConfigurationName = Release;
		};
		8E6234D319C8A93D00BBCF11 /* Build configuration list for PBXNativeTarget "Swift HNTests" */ = {
			isa = XCConfigurationList;
			buildConfigurations = (
				8E6234D419C8A93D00BBCF11 /* Debug */,
				8E6234D519C8A93D00BBCF11 /* Release */,
			);
			defaultConfigurationIsVisible = 0;
			defaultConfigurationName = Release;
		};
/* End XCConfigurationList section */
	};
	rootObject = 8E6234A919C8A93D00BBCF11 /* Project object */;
}
