PODS:
  - libHN (2.0.0)
  - UIColor+Hex (1.0.1):
    - UIColor+Hex/NSColor
    - UIColor+Hex/UIColor
  - UIColor+Hex/UIColor (1.0.1)

DEPENDENCIES:
  - libHN
  - UIColor+Hex (~> 1.0)

SPEC CHECKSUMS:
  libHN: ef836ef635e35a17936ed7d638b5bda007a2d2b6
  UIColor+Hex: ac7e1ae4eeea4f522fe3f6eda35de4af69244432

COCOAPODS: 0.33.1
